
Microsoft Visual Studio Solution File, Format Version 12.00
# Visual Studio Version 17
VisualStudioVersion = 17.4.33103.184
MinimumVisualStudioVersion = 10.0.40219.1
Project("{9A19103F-16F7-4668-BE54-9A1E7A4F7556}") = "M1nforum.Web", "M1nforum.App\M1nforum.Web.csproj", "{07074B0F-942C-40B6-9A96-DECC4098D28B}"
EndProject
Project("{2150E333-8FDC-42A3-9474-1A3956D46DE8}") = "SolutionItems", "SolutionItems", "{20116DD5-5941-4754-B5CD-796B9EA4B85D}"
	ProjectSection(SolutionItems) = preProject
		_SolutionItems\CopyTemplates.cmd = _SolutionItems\CopyTemplates.cmd
		..\readme.md = ..\readme.md
	EndProjectSection
EndProject
Global
	GlobalSection(SolutionConfigurationPlatforms) = preSolution
		Debug|Any CPU = Debug|Any CPU
		Release|Any CPU = Release|Any CPU
	EndGlobalSection
	GlobalSection(ProjectConfigurationPlatforms) = postSolution
		{07074B0F-942C-40B6-9A96-DECC4098D28B}.Debug|Any CPU.ActiveCfg = Debug|Any CPU
		{07074B0F-942C-40B6-9A96-DECC4098D28B}.Debug|Any CPU.Build.0 = Debug|Any CPU
		{07074B0F-942C-40B6-9A96-DECC4098D28B}.Release|Any CPU.ActiveCfg = Release|Any CPU
		{07074B0F-942C-40B6-9A96-DECC4098D28B}.Release|Any CPU.Build.0 = Release|Any CPU
	EndGlobalSection
	GlobalSection(SolutionProperties) = preSolution
		HideSolutionNode = FALSE
	EndGlobalSection
	GlobalSection(ExtensibilityGlobals) = postSolution
		SolutionGuid = {15D00B72-DAAC-4B8D-9CA7-E41CA5AA9D23}
	EndGlobalSection
EndGlobal
